
Microsoft Visual Studio Solution File, Format Version 12.00
# Visual Studio Version 16
VisualStudioVersion = 16.0.29728.190
MinimumVisualStudioVersion = 10.0.40219.1
Project("{FAE04EC0-301F-11D3-BF4B-00C04F79EFBC}") = "HelloDungeon", "HelloDungon\HelloDungeon.csproj", "{33550879-F206-4BA7-83BA-E0909114D59B}"
EndProject
Global
	GlobalSection(SolutionConfigurationPlatforms) = preSolution
		Debug|Any CPU = Debug|Any CPU
		Release|Any CPU = Release|Any CPU
	EndGlobalSection
	GlobalSection(ProjectConfigurationPlatforms) = postSolution
		{33550879-F206-4BA7-83BA-E0909114D59B}.Debug|Any CPU.ActiveCfg = Debug|Any CPU
		{33550879-F206-4BA7-83BA-E0909114D59B}.Debug|Any CPU.Build.0 = Debug|Any CPU
		{33550879-F206-4BA7-83BA-E0909114D59B}.Release|Any CPU.ActiveCfg = Release|Any CPU
		{33550879-F206-4BA7-83BA-E0909114D59B}.Release|Any CPU.Build.0 = Release|Any CPU
	EndGlobalSection
	GlobalSection(SolutionProperties) = preSolution
		HideSolutionNode = FALSE
	EndGlobalSection
	GlobalSection(ExtensibilityGlobals) = postSolution
		SolutionGuid = {A32D929D-0F6E-4FE7-B49A-3BD3974C8FE6}
	EndGlobalSection
EndGlobal
